// !$*UTF8*$!
{
	archiveVersion = 1;
	classes = {
	};
	objectVersion = 46;
	objects = {

/* Begin PBXBuildFile section */
		1F8617E81BC7B48F0088E222 /* main.m in Sources */ = {isa = PBXBuildFile; fileRef = 1F8617E71BC7B48F0088E222 /* main.m */; };
		1F8617EB1BC7B48F0088E222 /* AppDelegate.m in Sources */ = {isa = PBXBuildFile; fileRef = 1F8617EA1BC7B48F0088E222 /* AppDelegate.m */; };
		1F8617EE1BC7B48F0088E222 /* ViewController.m in Sources */ = {isa = PBXBuildFile; fileRef = 1F8617ED1BC7B48F0088E222 /* ViewController.m */; };
		1F8617F11BC7B48F0088E222 /* Main.storyboard in Resources */ = {isa = PBXBuildFile; fileRef = 1F8617EF1BC7B48F0088E222 /* Main.storyboard */; };
		1F8617F31BC7B48F0088E222 /* Assets.xcassets in Resources */ = {isa = PBXBuildFile; fileRef = 1F8617F21BC7B48F0088E222 /* Assets.xcassets */; };
		1F8617F61BC7B48F0088E222 /* LaunchScreen.storyboard in Resources */ = {isa = PBXBuildFile; fileRef = 1F8617F41BC7B48F0088E222 /* LaunchScreen.storyboard */; };
		1F8618001BC7B4DF0088E222 /* ZYAlertView.m in Sources */ = {isa = PBXBuildFile; fileRef = 1F8617FF1BC7B4DF0088E222 /* ZYAlertView.m */; settings = {ASSET_TAGS = (); }; };
		1F8618041BC7B5940088E222 /* FrameFitSize.m in Sources */ = {isa = PBXBuildFile; fileRef = 1F8618031BC7B5940088E222 /* FrameFitSize.m */; settings = {ASSET_TAGS = (); }; };
		1F8618071BC7B5D80088E222 /* MethodSwizzling.m in Sources */ = {isa = PBXBuildFile; fileRef = 1F8618061BC7B5D80088E222 /* MethodSwizzling.m */; settings = {ASSET_TAGS = (); }; };
		1F86180C1BC7B6170088E222 /* UIImage+Utils.m in Sources */ = {isa = PBXBuildFile; fileRef = 1F8618091BC7B6170088E222 /* UIImage+Utils.m */; settings = {ASSET_TAGS = (); }; };
		1F86180D1BC7B6170088E222 /* UIView+Utils.m in Sources */ = {isa = PBXBuildFile; fileRef = 1F86180B1BC7B6170088E222 /* UIView+Utils.m */; settings = {ASSET_TAGS = (); }; };
		1F8618141BC7B63E0088E222 /* UICollectionView+ReuseIdentifier.m in Sources */ = {isa = PBXBuildFile; fileRef = 1F86180F1BC7B63E0088E222 /* UICollectionView+ReuseIdentifier.m */; settings = {ASSET_TAGS = (); }; };
		1F8618151BC7B63E0088E222 /* UITableView+ReuseIdentifier.m in Sources */ = {isa = PBXBuildFile; fileRef = 1F8618111BC7B63E0088E222 /* UITableView+ReuseIdentifier.m */; settings = {ASSET_TAGS = (); }; };
		1F8618161BC7B63E0088E222 /* UIView+SuperView.m in Sources */ = {isa = PBXBuildFile; fileRef = 1F8618131BC7B63E0088E222 /* UIView+SuperView.m */; settings = {ASSET_TAGS = (); }; };
/* End PBXBuildFile section */

/* Begin PBXFileReference section */
		1F8617E31BC7B48F0088E222 /* ZYUtils.app */ = {isa = PBXFileReference; explicitFileType = wrapper.application; includeInIndex = 0; path = ZYUtils.app; sourceTree = BUILT_PRODUCTS_DIR; };
		1F8617E71BC7B48F0088E222 /* main.m */ = {isa = PBXFileReference; lastKnownFileType = sourcecode.c.objc; path = main.m; sourceTree = "<group>"; };
		1F8617E91BC7B48F0088E222 /* AppDelegate.h */ = {isa = PBXFileReference; lastKnownFileType = sourcecode.c.h; path = AppDelegate.h; sourceTree = "<group>"; };
		1F8617EA1BC7B48F0088E222 /* AppDelegate.m */ = {isa = PBXFileReference; lastKnownFileType = sourcecode.c.objc; path = AppDelegate.m; sourceTree = "<group>"; };
		1F8617EC1BC7B48F0088E222 /* ViewController.h */ = {isa = PBXFileReference; lastKnownFileType = sourcecode.c.h; path = ViewController.h; sourceTree = "<group>"; };
		1F8617ED1BC7B48F0088E222 /* ViewController.m */ = {isa = PBXFileReference; lastKnownFileType = sourcecode.c.objc; path = ViewController.m; sourceTree = "<group>"; };
		1F8617F01BC7B48F0088E222 /* Base */ = {isa = PBXFileReference; lastKnownFileType = file.storyboard; name = Base; path = Base.lproj/Main.storyboard; sourceTree = "<group>"; };
		1F8617F21BC7B48F0088E222 /* Assets.xcassets */ = {isa = PBXFileReference; lastKnownFileType = folder.assetcatalog; path = Assets.xcassets; sourceTree = "<group>"; };
		1F8617F51BC7B48F0088E222 /* Base */ = {isa = PBXFileReference; lastKnownFileType = file.storyboard; name = Base; path = Base.lproj/LaunchScreen.storyboard; sourceTree = "<group>"; };
		1F8617F71BC7B48F0088E222 /* Info.plist */ = {isa = PBXFileReference; lastKnownFileType = text.plist.xml; path = Info.plist; sourceTree = "<group>"; };
		1F8617FE1BC7B4DF0088E222 /* ZYAlertView.h */ = {isa = PBXFileReference; fileEncoding = 4; lastKnownFileType = sourcecode.c.h; path = ZYAlertView.h; sourceTree = "<group>"; };
		1F8617FF1BC7B4DF0088E222 /* ZYAlertView.m */ = {isa = PBXFileReference; fileEncoding = 4; lastKnownFileType = sourcecode.c.objc; path = ZYAlertView.m; sourceTree = "<group>"; };
		1F8618011BC7B4FE0088E222 /* ZYMacro.h */ = {isa = PBXFileReference; lastKnownFileType = sourcecode.c.h; path = ZYMacro.h; sourceTree = "<group>"; };
		1F8618021BC7B5940088E222 /* FrameFitSize.h */ = {isa = PBXFileReference; fileEncoding = 4; lastKnownFileType = sourcecode.c.h; path = FrameFitSize.h; sourceTree = "<group>"; };
		1F8618031BC7B5940088E222 /* FrameFitSize.m */ = {isa = PBXFileReference; fileEncoding = 4; lastKnownFileType = sourcecode.c.objc; path = FrameFitSize.m; sourceTree = "<group>"; };
		1F8618051BC7B5D80088E222 /* MethodSwizzling.h */ = {isa = PBXFileReference; fileEncoding = 4; lastKnownFileType = sourcecode.c.h; path = MethodSwizzling.h; sourceTree = "<group>"; };
		1F8618061BC7B5D80088E222 /* MethodSwizzling.m */ = {isa = PBXFileReference; fileEncoding = 4; lastKnownFileType = sourcecode.c.objc; path = MethodSwizzling.m; sourceTree = "<group>"; };
		1F8618081BC7B6170088E222 /* UIImage+Utils.h */ = {isa = PBXFileReference; fileEncoding = 4; lastKnownFileType = sourcecode.c.h; path = "UIImage+Utils.h"; sourceTree = "<group>"; };
		1F8618091BC7B6170088E222 /* UIImage+Utils.m */ = {isa = PBXFileReference; fileEncoding = 4; lastKnownFileType = sourcecode.c.objc; path = "UIImage+Utils.m"; sourceTree = "<group>"; };
		1F86180A1BC7B6170088E222 /* UIView+Utils.h */ = {isa = PBXFileReference; fileEncoding = 4; lastKnownFileType = sourcecode.c.h; path = "UIView+Utils.h"; sourceTree = "<group>"; };
		1F86180B1BC7B6170088E222 /* UIView+Utils.m */ = {isa = PBXFileReference; fileEncoding = 4; lastKnownFileType = sourcecode.c.objc; path = "UIView+Utils.m"; sourceTree = "<group>"; };
		1F86180E1BC7B63D0088E222 /* UICollectionView+ReuseIdentifier.h */ = {isa = PBXFileReference; fileEncoding = 4; lastKnownFileType = sourcecode.c.h; path = "UICollectionView+ReuseIdentifier.h"; sourceTree = "<group>"; };
		1F86180F1BC7B63E0088E222 /* UICollectionView+ReuseIdentifier.m */ = {isa = PBXFileReference; fileEncoding = 4; lastKnownFileType = sourcecode.c.objc; path = "UICollectionView+ReuseIdentifier.m"; sourceTree = "<group>"; };
		1F8618101BC7B63E0088E222 /* UITableView+ReuseIdentifier.h */ = {isa = PBXFileReference; fileEncoding = 4; lastKnownFileType = sourcecode.c.h; path = "UITableView+ReuseIdentifier.h"; sourceTree = "<group>"; };
		1F8618111BC7B63E0088E222 /* UITableView+ReuseIdentifier.m */ = {isa = PBXFileReference; fileEncoding = 4; lastKnownFileType = sourcecode.c.objc; path = "UITableView+ReuseIdentifier.m"; sourceTree = "<group>"; };
		1F8618121BC7B63E0088E222 /* UIView+SuperView.h */ = {isa = PBXFileReference; fileEncoding = 4; lastKnownFileType = sourcecode.c.h; path = "UIView+SuperView.h"; sourceTree = "<group>"; };
		1F8618131BC7B63E0088E222 /* UIView+SuperView.m */ = {isa = PBXFileReference; fileEncoding = 4; lastKnownFileType = sourcecode.c.objc; path = "UIView+SuperView.m"; sourceTree = "<group>"; };
/* End PBXFileReference section */

/* Begin PBXFrameworksBuildPhase section */
		1F8617E01BC7B48F0088E222 /* Frameworks */ = {
			isa = PBXFrameworksBuildPhase;
			buildActionMask = 2147483647;
			files = (
			);
			runOnlyForDeploymentPostprocessing = 0;
		};
/* End PBXFrameworksBuildPhase section */

/* Begin PBXGroup section */
		1F8617DA1BC7B48F0088E222 = {
			isa = PBXGroup;
			children = (
				1F8617E51BC7B48F0088E222 /* ZYUtils */,
				1F8617E41BC7B48F0088E222 /* Products */,
			);
			sourceTree = "<group>";
		};
		1F8617E41BC7B48F0088E222 /* Products */ = {
			isa = PBXGroup;
			children = (
				1F8617E31BC7B48F0088E222 /* ZYUtils.app */,
			);
			name = Products;
			sourceTree = "<group>";
		};
		1F8617E51BC7B48F0088E222 /* ZYUtils */ = {
			isa = PBXGroup;
			children = (
				1F8617FD1BC7B4C40088E222 /* utils */,
				1F8617E91BC7B48F0088E222 /* AppDelegate.h */,
				1F8617EA1BC7B48F0088E222 /* AppDelegate.m */,
				1F8617EC1BC7B48F0088E222 /* ViewController.h */,
				1F8617ED1BC7B48F0088E222 /* ViewController.m */,
				1F8617EF1BC7B48F0088E222 /* Main.storyboard */,
				1F8617F21BC7B48F0088E222 /* Assets.xcassets */,
				1F8617F41BC7B48F0088E222 /* LaunchScreen.storyboard */,
				1F8617F71BC7B48F0088E222 /* Info.plist */,
				1F8617E61BC7B48F0088E222 /* Supporting Files */,
			);
			path = ZYUtils;
			sourceTree = "<group>";
		};
		1F8617E61BC7B48F0088E222 /* Supporting Files */ = {
			isa = PBXGroup;
			children = (
				1F8617E71BC7B48F0088E222 /* main.m */,
			);
			name = "Supporting Files";
			sourceTree = "<group>";
		};
		1F8617FD1BC7B4C40088E222 /* utils */ = {
			isa = PBXGroup;
			children = (
				1F86180E1BC7B63D0088E222 /* UICollectionView+ReuseIdentifier.h */,
				1F86180F1BC7B63E0088E222 /* UICollectionView+ReuseIdentifier.m */,
				1F8618101BC7B63E0088E222 /* UITableView+ReuseIdentifier.h */,
				1F8618111BC7B63E0088E222 /* UITableView+ReuseIdentifier.m */,
				1F8618121BC7B63E0088E222 /* UIView+SuperView.h */,
				1F8618131BC7B63E0088E222 /* UIView+SuperView.m */,
				1F8618081BC7B6170088E222 /* UIImage+Utils.h */,
				1F8618091BC7B6170088E222 /* UIImage+Utils.m */,
				1F86180A1BC7B6170088E222 /* UIView+Utils.h */,
				1F86180B1BC7B6170088E222 /* UIView+Utils.m */,
				1F8618051BC7B5D80088E222 /* MethodSwizzling.h */,
				1F8618061BC7B5D80088E222 /* MethodSwizzling.m */,
				1F8618021BC7B5940088E222 /* FrameFitSize.h */,
				1F8618031BC7B5940088E222 /* FrameFitSize.m */,
				1F8617FE1BC7B4DF0088E222 /* ZYAlertView.h */,
				1F8617FF1BC7B4DF0088E222 /* ZYAlertView.m */,
				1F8618011BC7B4FE0088E222 /* ZYMacro.h */,
			);
			path = utils;
			sourceTree = "<group>";
		};
/* End PBXGroup section */

/* Begin PBXNativeTarget section */
		1F8617E21BC7B48F0088E222 /* ZYUtils */ = {
			isa = PBXNativeTarget;
			buildConfigurationList = 1F8617FA1BC7B48F0088E222 /* Build configuration list for PBXNativeTarget "ZYUtils" */;
			buildPhases = (
				1F8617DF1BC7B48F0088E222 /* Sources */,
				1F8617E01BC7B48F0088E222 /* Frameworks */,
				1F8617E11BC7B48F0088E222 /* Resources */,
			);
			buildRules = (
			);
			dependencies = (
			);
			name = ZYUtils;
			productName = ZYUtils;
			productReference = 1F8617E31BC7B48F0088E222 /* ZYUtils.app */;
			productType = "com.apple.product-type.application";
		};
/* End PBXNativeTarget section */

/* Begin PBXProject section */
		1F8617DB1BC7B48F0088E222 /* Project object */ = {
			isa = PBXProject;
			attributes = {
				LastUpgradeCheck = 0700;
				ORGANIZATIONNAME = yongzhang;
				TargetAttributes = {
					1F8617E21BC7B48F0088E222 = {
						CreatedOnToolsVersion = 7.0;
					};
				};
			};
			buildConfigurationList = 1F8617DE1BC7B48F0088E222 /* Build configuration list for PBXProject "ZYUtils" */;
			compatibilityVersion = "Xcode 3.2";
			developmentRegion = English;
			hasScannedForEncodings = 0;
			knownRegions = (
				en,
				Base,
			);
			mainGroup = 1F8617DA1BC7B48F0088E222;
			productRefGroup = 1F8617E41BC7B48F0088E222 /* Products */;
			projectDirPath = "";
			projectRoot = "";
			targets = (
				1F8617E21BC7B48F0088E222 /* ZYUtils */,
			);
		};
/* End PBXProject section */

/* Begin PBXResourcesBuildPhase section */
		1F8617E11BC7B48F0088E222 /* Resources */ = {
			isa = PBXResourcesBuildPhase;
			buildActionMask = 2147483647;
			files = (
				1F8617F61BC7B48F0088E222 /* LaunchScreen.storyboard in Resources */,
				1F8617F31BC7B48F0088E222 /* Assets.xcassets in Resources */,
				1F8617F11BC7B48F0088E222 /* Main.storyboard in Resources */,
			);
			runOnlyForDeploymentPostprocessing = 0;
		};
/* End PBXResourcesBuildPhase section */

/* Begin PBXSourcesBuildPhase section */
		1F8617DF1BC7B48F0088E222 /* Sources */ = {
			isa = PBXSourcesBuildPhase;
			buildActionMask = 2147483647;
			files = (
				1F8618041BC7B5940088E222 /* FrameFitSize.m in Sources */,
				1F8618161BC7B63E0088E222 /* UIView+SuperView.m in Sources */,
				1F8618151BC7B63E0088E222 /* UITableView+ReuseIdentifier.m in Sources */,
				1F8617EE1BC7B48F0088E222 /* ViewController.m in Sources */,
				1F8617EB1BC7B48F0088E222 /* AppDelegate.m in Sources */,
				1F86180C1BC7B6170088E222 /* UIImage+Utils.m in Sources */,
				1F8618001BC7B4DF0088E222 /* ZYAlertView.m in Sources */,
				1F8618071BC7B5D80088E222 /* MethodSwizzling.m in Sources */,
				1F86180D1BC7B6170088E222 /* UIView+Utils.m in Sources */,
				1F8618141BC7B63E0088E222 /* UICollectionView+ReuseIdentifier.m in Sources */,
				1F8617E81BC7B48F0088E222 /* main.m in Sources */,
			);
			runOnlyForDeploymentPostprocessing = 0;
		};
/* End PBXSourcesBuildPhase section */

/* Begin PBXVariantGroup section */
		1F8617EF1BC7B48F0088E222 /* Main.storyboard */ = {
			isa = PBXVariantGroup;
			children = (
				1F8617F01BC7B48F0088E222 /* Base */,
			);
			name = Main.storyboard;
			sourceTree = "<group>";
		};
		1F8617F41BC7B48F0088E222 /* LaunchScreen.storyboard */ = {
			isa = PBXVariantGroup;
			children = (
				1F8617F51BC7B48F0088E222 /* Base */,
			);
			name = LaunchScreen.storyboard;
			sourceTree = "<group>";
		};
/* End PBXVariantGroup section */

/* Begin XCBuildConfiguration section */
		1F8617F81BC7B48F0088E222 /* Debug */ = {
			isa = XCBuildConfiguration;
			buildSettings = {
				ALWAYS_SEARCH_USER_PATHS = NO;
				CLANG_CXX_LANGUAGE_STANDARD = "gnu++0x";
				CLANG_CXX_LIBRARY = "libc++";
				CLANG_ENABLE_MODULES = YES;
				CLANG_ENABLE_OBJC_ARC = YES;
				CLANG_WARN_BOOL_CONVERSION = YES;
				CLANG_WARN_CONSTANT_CONVERSION = YES;
				CLANG_WARN_DIRECT_OBJC_ISA_USAGE = YES_ERROR;
				CLANG_WARN_EMPTY_BODY = YES;
				CLANG_WARN_ENUM_CONVERSION = YES;
				CLANG_WARN_INT_CONVERSION = YES;
				CLANG_WARN_OBJC_ROOT_CLASS = YES_ERROR;
				CLANG_WARN_UNREACHABLE_CODE = YES;
				CLANG_WARN__DUPLICATE_METHOD_MATCH = YES;
				"CODE_SIGN_IDENTITY[sdk=iphoneos*]" = "iPhone Developer";
				COPY_PHASE_STRIP = NO;
				DEBUG_INFORMATION_FORMAT = dwarf;
				ENABLE_STRICT_OBJC_MSGSEND = YES;
				ENABLE_TESTABILITY = YES;
				GCC_C_LANGUAGE_STANDARD = gnu99;
				GCC_DYNAMIC_NO_PIC = NO;
				GCC_NO_COMMON_BLOCKS = YES;
				GCC_OPTIMIZATION_LEVEL = 0;
				GCC_PREPROCESSOR_DEFINITIONS = (
					"DEBUG=1",
					"$(inherited)",
				);
				GCC_WARN_64_TO_32_BIT_CONVERSION = YES;
				GCC_WARN_ABOUT_RETURN_TYPE = YES_ERROR;
				GCC_WARN_UNDECLARED_SELECTOR = YES;
				GCC_WARN_UNINITIALIZED_AUTOS = YES_AGGRESSIVE;
				GCC_WARN_UNUSED_FUNCTION = YES;
				GCC_WARN_UNUSED_VARIABLE = YES;
				IPHONEOS_DEPLOYMENT_TARGET = 9.0;
				MTL_ENABLE_DEBUG_INFO = YES;
				ONLY_ACTIVE_ARCH = YES;
				SDKROOT = iphoneos;
				TARGETED_DEVICE_FAMILY = "1,2";
			};
			name = Debug;
		};
		1F8617F91BC7B48F0088E222 /* Release */ = {
			isa = XCBuildConfiguration;
			buildSettings = {
				ALWAYS_SEARCH_USER_PATHS = NO;
				CLANG_CXX_LANGUAGE_STANDARD = "gnu++0x";
				CLANG_CXX_LIBRARY = "libc++";
				CLANG_ENABLE_MODULES = YES;
				CLANG_ENABLE_OBJC_ARC = YES;
				CLANG_WARN_BOOL_CONVERSION = YES;
				CLANG_WARN_CONSTANT_CONVERSION = YES;
				CLANG_WARN_DIRECT_OBJC_ISA_USAGE = YES_ERROR;
				CLANG_WARN_EMPTY_BODY = YES;
				CLANG_WARN_ENUM_CONVERSION = YES;
				CLANG_WARN_INT_CONVERSION = YES;
				CLANG_WARN_OBJC_ROOT_CLASS = YES_ERROR;
				CLANG_WARN_UNREACHABLE_CODE = YES;
				CLANG_WARN__DUPLICATE_METHOD_MATCH = YES;
				"CODE_SIGN_IDENTITY[sdk=iphoneos*]" = "iPhone Developer";
				COPY_PHASE_STRIP = NO;
				DEBUG_INFORMATION_FORMAT = "dwarf-with-dsym";
				ENABLE_NS_ASSERTIONS = NO;
				ENABLE_STRICT_OBJC_MSGSEND = YES;
				GCC_C_LANGUAGE_STANDARD = gnu99;
				GCC_NO_COMMON_BLOCKS = YES;
				GCC_WARN_64_TO_32_BIT_CONVERSION = YES;
				GCC_WARN_ABOUT_RETURN_TYPE = YES_ERROR;
				GCC_WARN_UNDECLARED_SELECTOR = YES;
				GCC_WARN_UNINITIALIZED_AUTOS = YES_AGGRESSIVE;
				GCC_WARN_UNUSED_FUNCTION = YES;
				GCC_WARN_UNUSED_VARIABLE = YES;
				IPHONEOS_DEPLOYMENT_TARGET = 9.0;
				MTL_ENABLE_DEBUG_INFO = NO;
				SDKROOT = iphoneos;
				TARGETED_DEVICE_FAMILY = "1,2";
				VALIDATE_PRODUCT = YES;
			};
			name = Release;
		};
		1F8617FB1BC7B48F0088E222 /* Debug */ = {
			isa = XCBuildConfiguration;
			buildSettings = {
				ASSETCATALOG_COMPILER_APPICON_NAME = AppIcon;
				INFOPLIST_FILE = ZYUtils/Info.plist;
				LD_RUNPATH_SEARCH_PATHS = "$(inherited) @executable_path/Frameworks";
				PRODUCT_BUNDLE_IDENTIFIER = com.zy.ZYUtils;
				PRODUCT_NAME = "$(TARGET_NAME)";
			};
			name = Debug;
		};
		1F8617FC1BC7B48F0088E222 /* Release */ = {
			isa = XCBuildConfiguration;
			buildSettings = {
				ASSETCATALOG_COMPILER_APPICON_NAME = AppIcon;
				INFOPLIST_FILE = ZYUtils/Info.plist;
				LD_RUNPATH_SEARCH_PATHS = "$(inherited) @executable_path/Frameworks";
				PRODUCT_BUNDLE_IDENTIFIER = com.zy.ZYUtils;
				PRODUCT_NAME = "$(TARGET_NAME)";
			};
			name = Release;
		};
/* End XCBuildConfiguration section */

/* Begin XCConfigurationList section */
		1F8617DE1BC7B48F0088E222 /* Build configuration list for PBXProject "ZYUtils" */ = {
			isa = XCConfigurationList;
			buildConfigurations = (
				1F8617F81BC7B48F0088E222 /* Debug */,
				1F8617F91BC7B48F0088E222 /* Release */,
			);
			defaultConfigurationIsVisible = 0;
			defaultConfigurationName = Release;
		};
		1F8617FA1BC7B48F0088E222 /* Build configuration list for PBXNativeTarget "ZYUtils" */ = {
			isa = XCConfigurationList;
			buildConfigurations = (
				1F8617FB1BC7B48F0088E222 /* Debug */,
				1F8617FC1BC7B48F0088E222 /* Release */,
			);
			defaultConfigurationIsVisible = 0;
		};
/* End XCConfigurationList section */
	};
	rootObject = 1F8617DB1BC7B48F0088E222 /* Project object */;
}
